{
  "version": 1,
  "dependencies": {
    "net10.0": {
      "Npgsql": {
        "type": "Direct",
        "requested": "[9.0.3, )",
        "resolved": "9.0.3",
        "contentHash": "tPvY61CxOAWxNsKLEBg+oR646X4Bc8UmyQ/tJszL/7mEmIXQnnBhVJZrZEEUv0Bstu0mEsHZD5At3EO8zQRAYw=="
      },
      "LiteNetLib": {
        "type": "Transitive",
        "resolved": "2.1.4",
        "contentHash": "KWlxvMw3Urpqj9joD96LRiK+LC62pQNs/zkXRJc+rHnxgkGp+vV703xzDrxRmv+V1YhCFfIGzs5nrVWtREIlyA=="
      },
      "shootermmo.gameprotocol": {
        "type": "Project"
      },
      "shootermmo.tools.simulationbotclient": {
        "type": "Project",
        "dependencies": {
          "LiteNetLib": "[2.1.4, )",
          "ShooterMmo.GameProtocol": "[1.0.0, )"
        }
      }
    }
  }
}